
Microsoft Visual Studio Solution File, Format Version 12.00
# Visual Studio Version 17
VisualStudioVersion = 17.3.32922.545
MinimumVisualStudioVersion = 10.0.40219.1
Project("{FAE04EC0-301F-11D3-BF4B-00C04F79EFBC}") = "CaseStudy.Training", "CaseStudy.Training\CaseStudy.Training.csproj", "{FC8B09A6-784F-4181-832D-73109484E81D}"
EndProject
Global
	GlobalSection(SolutionConfigurationPlatforms) = preSolution
		Debug|Any CPU = Debug|Any CPU
		Release|Any CPU = Release|Any CPU
	EndGlobalSection
	GlobalSection(ProjectConfigurationPlatforms) = postSolution
		{FC8B09A6-784F-4181-832D-73109484E81D}.Debug|Any CPU.ActiveCfg = Debug|Any CPU
		{FC8B09A6-784F-4181-832D-73109484E81D}.Debug|Any CPU.Build.0 = Debug|Any CPU
		{FC8B09A6-784F-4181-832D-73109484E81D}.Release|Any CPU.ActiveCfg = Release|Any CPU
		{FC8B09A6-784F-4181-832D-73109484E81D}.Release|Any CPU.Build.0 = Release|Any CPU
	EndGlobalSection
	GlobalSection(SolutionProperties) = preSolution
		HideSolutionNode = FALSE
	EndGlobalSection
	GlobalSection(ExtensibilityGlobals) = postSolution
		SolutionGuid = {B62F7825-B4F3-4D7C-B839-4551194B5961}
	EndGlobalSection
EndGlobal
