
Microsoft Visual Studio Solution File, Format Version 12.00
# Visual Studio Version 17
VisualStudioVersion = 17.3.32922.545
MinimumVisualStudioVersion = 10.0.40219.1
Project("{FAE04EC0-301F-11D3-BF4B-00C04F79EFBC}") = "CaseStudy.Domain", "CaseStudy.Domain\CaseStudy.Domain.csproj", "{46683225-2ED0-4A7F-82F0-2582FBDAD292}"
EndProject
Project("{FAE04EC0-301F-11D3-BF4B-00C04F79EFBC}") = "CaseStudy.Training", "CaseStudy.Training\CaseStudy.Training.csproj", "{BCF11C89-FFC0-4C57-B360-452DC4D6A314}"
EndProject
Project("{FAE04EC0-301F-11D3-BF4B-00C04F79EFBC}") = "CaseStudy.Application", "CaseStudy.Application\CaseStudy.Application.csproj", "{05901B51-F67F-43CF-866C-7233C7CA70FE}"
EndProject
Project("{FAE04EC0-301F-11D3-BF4B-00C04F79EFBC}") = "CaseStudy.Infrastructure", "CaseStudy.Infrastructure\CaseStudy.Infrastructure.csproj", "{835E76E9-AD50-470C-A561-73B386E573A5}"
EndProject
Global
	GlobalSection(SolutionConfigurationPlatforms) = preSolution
		Debug|Any CPU = Debug|Any CPU
		Release|Any CPU = Release|Any CPU
	EndGlobalSection
	GlobalSection(ProjectConfigurationPlatforms) = postSolution
		{46683225-2ED0-4A7F-82F0-2582FBDAD292}.Debug|Any CPU.ActiveCfg = Debug|Any CPU
		{46683225-2ED0-4A7F-82F0-2582FBDAD292}.Debug|Any CPU.Build.0 = Debug|Any CPU
		{46683225-2ED0-4A7F-82F0-2582FBDAD292}.Release|Any CPU.ActiveCfg = Release|Any CPU
		{46683225-2ED0-4A7F-82F0-2582FBDAD292}.Release|Any CPU.Build.0 = Release|Any CPU
		{BCF11C89-FFC0-4C57-B360-452DC4D6A314}.Debug|Any CPU.ActiveCfg = Debug|Any CPU
		{BCF11C89-FFC0-4C57-B360-452DC4D6A314}.Debug|Any CPU.Build.0 = Debug|Any CPU
		{BCF11C89-FFC0-4C57-B360-452DC4D6A314}.Release|Any CPU.ActiveCfg = Release|Any CPU
		{BCF11C89-FFC0-4C57-B360-452DC4D6A314}.Release|Any CPU.Build.0 = Release|Any CPU
		{05901B51-F67F-43CF-866C-7233C7CA70FE}.Debug|Any CPU.ActiveCfg = Debug|Any CPU
		{05901B51-F67F-43CF-866C-7233C7CA70FE}.Debug|Any CPU.Build.0 = Debug|Any CPU
		{05901B51-F67F-43CF-866C-7233C7CA70FE}.Release|Any CPU.ActiveCfg = Release|Any CPU
		{05901B51-F67F-43CF-866C-7233C7CA70FE}.Release|Any CPU.Build.0 = Release|Any CPU
		{835E76E9-AD50-470C-A561-73B386E573A5}.Debug|Any CPU.ActiveCfg = Debug|Any CPU
		{835E76E9-AD50-470C-A561-73B386E573A5}.Debug|Any CPU.Build.0 = Debug|Any CPU
		{835E76E9-AD50-470C-A561-73B386E573A5}.Release|Any CPU.ActiveCfg = Release|Any CPU
		{835E76E9-AD50-470C-A561-73B386E573A5}.Release|Any CPU.Build.0 = Release|Any CPU
	EndGlobalSection
	GlobalSection(SolutionProperties) = preSolution
		HideSolutionNode = FALSE
	EndGlobalSection
	GlobalSection(ExtensibilityGlobals) = postSolution
		SolutionGuid = {B62F7825-B4F3-4D7C-B839-4551194B5961}
	EndGlobalSection
EndGlobal
